// !$*UTF8*$!
{
	archiveVersion = 1;
	classes = {
	};
	objectVersion = 56;
	objects = {

/* Begin PBXBuildFile section */
		4F016A072A698A8F00540AC7 /* Question2view.swift in Sources */ = {isa = PBXBuildFile; fileRef = 4F016A062A698A8F00540AC7 /* Question2view.swift */; };
		4F016A092A6999DC00540AC7 /* Question3view.swift in Sources */ = {isa = PBXBuildFile; fileRef = 4F016A082A6999DC00540AC7 /* Question3view.swift */; };
		4F016A0B2A699BE100540AC7 /* Question4view.swift in Sources */ = {isa = PBXBuildFile; fileRef = 4F016A0A2A699BE100540AC7 /* Question4view.swift */; };
		4F016A0D2A699BF300540AC7 /* Question5view.swift in Sources */ = {isa = PBXBuildFile; fileRef = 4F016A0C2A699BF300540AC7 /* Question5view.swift */; };
		4F4E02A62A6A4BD60067ED17 /* Caprasimo-Regular.ttf in Resources */ = {isa = PBXBuildFile; fileRef = 4F4E02A52A6A4BD60067ED17 /* Caprasimo-Regular.ttf */; };
		4F4E02A92A6A4EC20067ED17 /* LibreCaslonText-Regular.ttf in Resources */ = {isa = PBXBuildFile; fileRef = 4F4E02A82A6A4EC20067ED17 /* LibreCaslonText-Regular.ttf */; };
		4F541AEE2A6863B4007F5CCF /* Question1view.swift in Sources */ = {isa = PBXBuildFile; fileRef = 4F541AED2A6863B4007F5CCF /* Question1view.swift */; };
		7F1B04092A69C7300011A92A /* Dashboard.swift in Sources */ = {isa = PBXBuildFile; fileRef = 7F1B04082A69C7300011A92A /* Dashboard.swift */; };
		7F1EB5A52A68F99A00546A38 /* QuizResults.swift in Sources */ = {isa = PBXBuildFile; fileRef = 7F1EB5A42A68F99A00546A38 /* QuizResults.swift */; };
		7F4B38EA2A68E9EF009D4751 /* ToDoItem.swift in Sources */ = {isa = PBXBuildFile; fileRef = 7F4B38E92A68E9EF009D4751 /* ToDoItem.swift */; };
		7F4B38EC2A68EA03009D4751 /* NewToDoView.swift in Sources */ = {isa = PBXBuildFile; fileRef = 7F4B38EB2A68EA03009D4751 /* NewToDoView.swift */; };
		7F4B38EE2A68EA33009D4751 /* Persistence.swift in Sources */ = {isa = PBXBuildFile; fileRef = 7F4B38ED2A68EA33009D4751 /* Persistence.swift */; };
		7F4B38F02A68EA59009D4751 /* ToDoContentView.swift in Sources */ = {isa = PBXBuildFile; fileRef = 7F4B38EF2A68EA59009D4751 /* ToDoContentView.swift */; };
		7F4B38F32A68EACA009D4751 /* Final Project.xcdatamodeld in Sources */ = {isa = PBXBuildFile; fileRef = 7F4B38F12A68EACA009D4751 /* Final Project.xcdatamodeld */; };
		7F703D472A6A069600AFD3A0 /* TimerContentView.swift in Sources */ = {isa = PBXBuildFile; fileRef = 7F703D462A6A069600AFD3A0 /* TimerContentView.swift */; };
		7F703D4A2A6A06C500AFD3A0 /* Movie on 7-20-23 at 1.40 PM (online-audio-converter.com).mp3 in Resources */ = {isa = PBXBuildFile; fileRef = 7F703D492A6A06C500AFD3A0 /* Movie on 7-20-23 at 1.40 PM (online-audio-converter.com).mp3 */; };
		7F703D4C2A6A06F000AFD3A0 /* ContentView-Model.swift in Sources */ = {isa = PBXBuildFile; fileRef = 7F703D4B2A6A06F000AFD3A0 /* ContentView-Model.swift */; };
		7FE4E1222A6195C60091BCAC /* Final_ProjectApp.swift in Sources */ = {isa = PBXBuildFile; fileRef = 7FE4E1212A6195C60091BCAC /* Final_ProjectApp.swift */; };
		7FE4E1242A6195C60091BCAC /* ContentView.swift in Sources */ = {isa = PBXBuildFile; fileRef = 7FE4E1232A6195C60091BCAC /* ContentView.swift */; };
		7FE4E1262A6195C70091BCAC /* Assets.xcassets in Resources */ = {isa = PBXBuildFile; fileRef = 7FE4E1252A6195C70091BCAC /* Assets.xcassets */; };
		7FE4E1292A6195C70091BCAC /* Preview Assets.xcassets in Resources */ = {isa = PBXBuildFile; fileRef = 7FE4E1282A6195C70091BCAC /* Preview Assets.xcassets */; };
		7FE4E1332A6195C70091BCAC /* Final_ProjectTests.swift in Sources */ = {isa = PBXBuildFile; fileRef = 7FE4E1322A6195C70091BCAC /* Final_ProjectTests.swift */; };
		7FE4E13D2A6195C70091BCAC /* Final_ProjectUITests.swift in Sources */ = {isa = PBXBuildFile; fileRef = 7FE4E13C2A6195C70091BCAC /* Final_ProjectUITests.swift */; };
		7FE4E13F2A6195C70091BCAC /* Final_ProjectUITestsLaunchTests.swift in Sources */ = {isa = PBXBuildFile; fileRef = 7FE4E13E2A6195C70091BCAC /* Final_ProjectUITestsLaunchTests.swift */; };
/* End PBXBuildFile section */

/* Begin PBXContainerItemProxy section */
		7FE4E12F2A6195C70091BCAC /* PBXContainerItemProxy */ = {
			isa = PBXContainerItemProxy;
			containerPortal = 7FE4E1162A6195C60091BCAC /* Project object */;
			proxyType = 1;
			remoteGlobalIDString = 7FE4E11D2A6195C60091BCAC;
			remoteInfo = "Final Project";
		};
		7FE4E1392A6195C70091BCAC /* PBXContainerItemProxy */ = {
			isa = PBXContainerItemProxy;
			containerPortal = 7FE4E1162A6195C60091BCAC /* Project object */;
			proxyType = 1;
			remoteGlobalIDString = 7FE4E11D2A6195C60091BCAC;
			remoteInfo = "Final Project";
		};
/* End PBXContainerItemProxy section */

/* Begin PBXFileReference section */
		4F016A062A698A8F00540AC7 /* Question2view.swift */ = {isa = PBXFileReference; lastKnownFileType = sourcecode.swift; path = Question2view.swift; sourceTree = "<group>"; };
		4F016A082A6999DC00540AC7 /* Question3view.swift */ = {isa = PBXFileReference; lastKnownFileType = sourcecode.swift; path = Question3view.swift; sourceTree = "<group>"; };
		4F016A0A2A699BE100540AC7 /* Question4view.swift */ = {isa = PBXFileReference; lastKnownFileType = sourcecode.swift; path = Question4view.swift; sourceTree = "<group>"; };
		4F016A0C2A699BF300540AC7 /* Question5view.swift */ = {isa = PBXFileReference; lastKnownFileType = sourcecode.swift; path = Question5view.swift; sourceTree = "<group>"; };
		4F4E02A52A6A4BD60067ED17 /* Caprasimo-Regular.ttf */ = {isa = PBXFileReference; lastKnownFileType = file; path = "Caprasimo-Regular.ttf"; sourceTree = "<group>"; };
		4F4E02A72A6A4C780067ED17 /* Final-Project-Info.plist */ = {isa = PBXFileReference; lastKnownFileType = text.plist; path = "Final-Project-Info.plist"; sourceTree = SOURCE_ROOT; };
		4F4E02A82A6A4EC20067ED17 /* LibreCaslonText-Regular.ttf */ = {isa = PBXFileReference; lastKnownFileType = file; path = "LibreCaslonText-Regular.ttf"; sourceTree = "<group>"; };
		4F541AED2A6863B4007F5CCF /* Question1view.swift */ = {isa = PBXFileReference; lastKnownFileType = sourcecode.swift; path = Question1view.swift; sourceTree = "<group>"; };
		7F1B04082A69C7300011A92A /* Dashboard.swift */ = {isa = PBXFileReference; lastKnownFileType = sourcecode.swift; path = Dashboard.swift; sourceTree = "<group>"; };
		7F1EB5A42A68F99A00546A38 /* QuizResults.swift */ = {isa = PBXFileReference; lastKnownFileType = sourcecode.swift; path = QuizResults.swift; sourceTree = "<group>"; };
		7F4B38E92A68E9EF009D4751 /* ToDoItem.swift */ = {isa = PBXFileReference; lastKnownFileType = sourcecode.swift; path = ToDoItem.swift; sourceTree = "<group>"; };
		7F4B38EB2A68EA03009D4751 /* NewToDoView.swift */ = {isa = PBXFileReference; lastKnownFileType = sourcecode.swift; path = NewToDoView.swift; sourceTree = "<group>"; };
		7F4B38ED2A68EA33009D4751 /* Persistence.swift */ = {isa = PBXFileReference; lastKnownFileType = sourcecode.swift; path = Persistence.swift; sourceTree = "<group>"; };
		7F4B38EF2A68EA59009D4751 /* ToDoContentView.swift */ = {isa = PBXFileReference; lastKnownFileType = sourcecode.swift; path = ToDoContentView.swift; sourceTree = "<group>"; };
		7F4B38F22A68EACA009D4751 /* Final Project.xcdatamodel */ = {isa = PBXFileReference; lastKnownFileType = wrapper.xcdatamodel; path = "Final Project.xcdatamodel"; sourceTree = "<group>"; };
		7F703D462A6A069600AFD3A0 /* TimerContentView.swift */ = {isa = PBXFileReference; lastKnownFileType = sourcecode.swift; path = TimerContentView.swift; sourceTree = "<group>"; };
		7F703D492A6A06C500AFD3A0 /* Movie on 7-20-23 at 1.40 PM (online-audio-converter.com).mp3 */ = {isa = PBXFileReference; lastKnownFileType = audio.mp3; path = "Movie on 7-20-23 at 1.40 PM (online-audio-converter.com).mp3"; sourceTree = "<group>"; };
		7F703D4B2A6A06F000AFD3A0 /* ContentView-Model.swift */ = {isa = PBXFileReference; lastKnownFileType = sourcecode.swift; path = "ContentView-Model.swift"; sourceTree = "<group>"; };
		7FE4E11E2A6195C60091BCAC /* Final Project.app */ = {isa = PBXFileReference; explicitFileType = wrapper.application; includeInIndex = 0; path = "Final Project.app"; sourceTree = BUILT_PRODUCTS_DIR; };
		7FE4E1212A6195C60091BCAC /* Final_ProjectApp.swift */ = {isa = PBXFileReference; lastKnownFileType = sourcecode.swift; path = Final_ProjectApp.swift; sourceTree = "<group>"; };
		7FE4E1232A6195C60091BCAC /* ContentView.swift */ = {isa = PBXFileReference; lastKnownFileType = sourcecode.swift; path = ContentView.swift; sourceTree = "<group>"; };
		7FE4E1252A6195C70091BCAC /* Assets.xcassets */ = {isa = PBXFileReference; lastKnownFileType = folder.assetcatalog; path = Assets.xcassets; sourceTree = "<group>"; };
		7FE4E1282A6195C70091BCAC /* Preview Assets.xcassets */ = {isa = PBXFileReference; lastKnownFileType = folder.assetcatalog; path = "Preview Assets.xcassets"; sourceTree = "<group>"; };
		7FE4E12E2A6195C70091BCAC /* Final ProjectTests.xctest */ = {isa = PBXFileReference; explicitFileType = wrapper.cfbundle; includeInIndex = 0; path = "Final ProjectTests.xctest"; sourceTree = BUILT_PRODUCTS_DIR; };
		7FE4E1322A6195C70091BCAC /* Final_ProjectTests.swift */ = {isa = PBXFileReference; lastKnownFileType = sourcecode.swift; path = Final_ProjectTests.swift; sourceTree = "<group>"; };
		7FE4E1382A6195C70091BCAC /* Final ProjectUITests.xctest */ = {isa = PBXFileReference; explicitFileType = wrapper.cfbundle; includeInIndex = 0; path = "Final ProjectUITests.xctest"; sourceTree = BUILT_PRODUCTS_DIR; };
		7FE4E13C2A6195C70091BCAC /* Final_ProjectUITests.swift */ = {isa = PBXFileReference; lastKnownFileType = sourcecode.swift; path = Final_ProjectUITests.swift; sourceTree = "<group>"; };
		7FE4E13E2A6195C70091BCAC /* Final_ProjectUITestsLaunchTests.swift */ = {isa = PBXFileReference; lastKnownFileType = sourcecode.swift; path = Final_ProjectUITestsLaunchTests.swift; sourceTree = "<group>"; };
/* End PBXFileReference section */

/* Begin PBXFrameworksBuildPhase section */
		7FE4E11B2A6195C60091BCAC /* Frameworks */ = {
			isa = PBXFrameworksBuildPhase;
			buildActionMask = 2147483647;
			files = (
			);
			runOnlyForDeploymentPostprocessing = 0;
		};
		7FE4E12B2A6195C70091BCAC /* Frameworks */ = {
			isa = PBXFrameworksBuildPhase;
			buildActionMask = 2147483647;
			files = (
			);
			runOnlyForDeploymentPostprocessing = 0;
		};
		7FE4E1352A6195C70091BCAC /* Frameworks */ = {
			isa = PBXFrameworksBuildPhase;
			buildActionMask = 2147483647;
			files = (
			);
			runOnlyForDeploymentPostprocessing = 0;
		};
/* End PBXFrameworksBuildPhase section */

/* Begin PBXGroup section */
		7F703D482A6A06AF00AFD3A0 /* Sound */ = {
			isa = PBXGroup;
			children = (
				7F703D492A6A06C500AFD3A0 /* Movie on 7-20-23 at 1.40 PM (online-audio-converter.com).mp3 */,
				7F703D4B2A6A06F000AFD3A0 /* ContentView-Model.swift */,
			);
			path = Sound;
			sourceTree = "<group>";
		};
		7FE4E1152A6195C60091BCAC = {
			isa = PBXGroup;
			children = (
				7FE4E1202A6195C60091BCAC /* Final Project */,
				7FE4E1312A6195C70091BCAC /* Final ProjectTests */,
				7FE4E13B2A6195C70091BCAC /* Final ProjectUITests */,
				7FE4E11F2A6195C60091BCAC /* Products */,
			);
			sourceTree = "<group>";
		};
		7FE4E11F2A6195C60091BCAC /* Products */ = {
			isa = PBXGroup;
			children = (
				7FE4E11E2A6195C60091BCAC /* Final Project.app */,
				7FE4E12E2A6195C70091BCAC /* Final ProjectTests.xctest */,
				7FE4E1382A6195C70091BCAC /* Final ProjectUITests.xctest */,
			);
			name = Products;
			sourceTree = "<group>";
		};
		7FE4E1202A6195C60091BCAC /* Final Project */ = {
			isa = PBXGroup;
			children = (
				4F4E02A72A6A4C780067ED17 /* Final-Project-Info.plist */,
				7FE4E1212A6195C60091BCAC /* Final_ProjectApp.swift */,
				7F4B38E92A68E9EF009D4751 /* ToDoItem.swift */,
				7F4B38EB2A68EA03009D4751 /* NewToDoView.swift */,
				7F4B38ED2A68EA33009D4751 /* Persistence.swift */,
				7F4B38F12A68EACA009D4751 /* Final Project.xcdatamodeld */,
				7F4B38EF2A68EA59009D4751 /* ToDoContentView.swift */,
				4F4E02A52A6A4BD60067ED17 /* Caprasimo-Regular.ttf */,
				7FE4E1232A6195C60091BCAC /* ContentView.swift */,
				4F541AED2A6863B4007F5CCF /* Question1view.swift */,
				4F016A062A698A8F00540AC7 /* Question2view.swift */,
				4F016A082A6999DC00540AC7 /* Question3view.swift */,
				4F016A0A2A699BE100540AC7 /* Question4view.swift */,
				4F016A0C2A699BF300540AC7 /* Question5view.swift */,
				7F1EB5A42A68F99A00546A38 /* QuizResults.swift */,
				4F4E02A82A6A4EC20067ED17 /* LibreCaslonText-Regular.ttf */,
				7F1B04082A69C7300011A92A /* Dashboard.swift */,
				7F703D462A6A069600AFD3A0 /* TimerContentView.swift */,
				7F703D482A6A06AF00AFD3A0 /* Sound */,
				7FE4E1252A6195C70091BCAC /* Assets.xcassets */,
				7FE4E1272A6195C70091BCAC /* Preview Content */,
			);
			path = "Final Project";
			sourceTree = "<group>";
		};
		7FE4E1272A6195C70091BCAC /* Preview Content */ = {
			isa = PBXGroup;
			children = (
				7FE4E1282A6195C70091BCAC /* Preview Assets.xcassets */,
			);
			path = "Preview Content";
			sourceTree = "<group>";
		};
		7FE4E1312A6195C70091BCAC /* Final ProjectTests */ = {
			isa = PBXGroup;
			children = (
				7FE4E1322A6195C70091BCAC /* Final_ProjectTests.swift */,
			);
			path = "Final ProjectTests";
			sourceTree = "<group>";
		};
		7FE4E13B2A6195C70091BCAC /* Final ProjectUITests */ = {
			isa = PBXGroup;
			children = (
				7FE4E13C2A6195C70091BCAC /* Final_ProjectUITests.swift */,
				7FE4E13E2A6195C70091BCAC /* Final_ProjectUITestsLaunchTests.swift */,
			);
			path = "Final ProjectUITests";
			sourceTree = "<group>";
		};
/* End PBXGroup section */

/* Begin PBXNativeTarget section */
		7FE4E11D2A6195C60091BCAC /* Final Project */ = {
			isa = PBXNativeTarget;
			buildConfigurationList = 7FE4E1422A6195C70091BCAC /* Build configuration list for PBXNativeTarget "Final Project" */;
			buildPhases = (
				7FE4E11A2A6195C60091BCAC /* Sources */,
				7FE4E11B2A6195C60091BCAC /* Frameworks */,
				7FE4E11C2A6195C60091BCAC /* Resources */,
			);
			buildRules = (
			);
			dependencies = (
			);
			name = "Final Project";
			productName = "Final Project";
			productReference = 7FE4E11E2A6195C60091BCAC /* Final Project.app */;
			productType = "com.apple.product-type.application";
		};
		7FE4E12D2A6195C70091BCAC /* Final ProjectTests */ = {
			isa = PBXNativeTarget;
			buildConfigurationList = 7FE4E1452A6195C70091BCAC /* Build configuration list for PBXNativeTarget "Final ProjectTests" */;
			buildPhases = (
				7FE4E12A2A6195C70091BCAC /* Sources */,
				7FE4E12B2A6195C70091BCAC /* Frameworks */,
				7FE4E12C2A6195C70091BCAC /* Resources */,
			);
			buildRules = (
			);
			dependencies = (
				7FE4E1302A6195C70091BCAC /* PBXTargetDependency */,
			);
			name = "Final ProjectTests";
			productName = "Final ProjectTests";
			productReference = 7FE4E12E2A6195C70091BCAC /* Final ProjectTests.xctest */;
			productType = "com.apple.product-type.bundle.unit-test";
		};
		7FE4E1372A6195C70091BCAC /* Final ProjectUITests */ = {
			isa = PBXNativeTarget;
			buildConfigurationList = 7FE4E1482A6195C70091BCAC /* Build configuration list for PBXNativeTarget "Final ProjectUITests" */;
			buildPhases = (
				7FE4E1342A6195C70091BCAC /* Sources */,
				7FE4E1352A6195C70091BCAC /* Frameworks */,
				7FE4E1362A6195C70091BCAC /* Resources */,
			);
			buildRules = (
			);
			dependencies = (
				7FE4E13A2A6195C70091BCAC /* PBXTargetDependency */,
			);
			name = "Final ProjectUITests";
			productName = "Final ProjectUITests";
			productReference = 7FE4E1382A6195C70091BCAC /* Final ProjectUITests.xctest */;
			productType = "com.apple.product-type.bundle.ui-testing";
		};
/* End PBXNativeTarget section */

/* Begin PBXProject section */
		7FE4E1162A6195C60091BCAC /* Project object */ = {
			isa = PBXProject;
			attributes = {
				BuildIndependentTargetsInParallel = 1;
				LastSwiftUpdateCheck = 1430;
				LastUpgradeCheck = 1430;
				TargetAttributes = {
					7FE4E11D2A6195C60091BCAC = {
						CreatedOnToolsVersion = 14.3.1;
					};
					7FE4E12D2A6195C70091BCAC = {
						CreatedOnToolsVersion = 14.3.1;
						TestTargetID = 7FE4E11D2A6195C60091BCAC;
					};
					7FE4E1372A6195C70091BCAC = {
						CreatedOnToolsVersion = 14.3.1;
						TestTargetID = 7FE4E11D2A6195C60091BCAC;
					};
				};
			};
			buildConfigurationList = 7FE4E1192A6195C60091BCAC /* Build configuration list for PBXProject "Final Project" */;
			compatibilityVersion = "Xcode 14.0";
			developmentRegion = en;
			hasScannedForEncodings = 0;
			knownRegions = (
				en,
				Base,
			);
			mainGroup = 7FE4E1152A6195C60091BCAC;
			productRefGroup = 7FE4E11F2A6195C60091BCAC /* Products */;
			projectDirPath = "";
			projectRoot = "";
			targets = (
				7FE4E11D2A6195C60091BCAC /* Final Project */,
				7FE4E12D2A6195C70091BCAC /* Final ProjectTests */,
				7FE4E1372A6195C70091BCAC /* Final ProjectUITests */,
			);
		};
/* End PBXProject section */

/* Begin PBXResourcesBuildPhase section */
		7FE4E11C2A6195C60091BCAC /* Resources */ = {
			isa = PBXResourcesBuildPhase;
			buildActionMask = 2147483647;
			files = (
				4F4E02A92A6A4EC20067ED17 /* LibreCaslonText-Regular.ttf in Resources */,
				7FE4E1292A6195C70091BCAC /* Preview Assets.xcassets in Resources */,
				7FE4E1262A6195C70091BCAC /* Assets.xcassets in Resources */,
				7F703D4A2A6A06C500AFD3A0 /* Movie on 7-20-23 at 1.40 PM (online-audio-converter.com).mp3 in Resources */,
				4F4E02A62A6A4BD60067ED17 /* Caprasimo-Regular.ttf in Resources */,
			);
			runOnlyForDeploymentPostprocessing = 0;
		};
		7FE4E12C2A6195C70091BCAC /* Resources */ = {
			isa = PBXResourcesBuildPhase;
			buildActionMask = 2147483647;
			files = (
			);
			runOnlyForDeploymentPostprocessing = 0;
		};
		7FE4E1362A6195C70091BCAC /* Resources */ = {
			isa = PBXResourcesBuildPhase;
			buildActionMask = 2147483647;
			files = (
			);
			runOnlyForDeploymentPostprocessing = 0;
		};
/* End PBXResourcesBuildPhase section */

/* Begin PBXSourcesBuildPhase section */
		7FE4E11A2A6195C60091BCAC /* Sources */ = {
			isa = PBXSourcesBuildPhase;
			buildActionMask = 2147483647;
			files = (
				7F4B38EC2A68EA03009D4751 /* NewToDoView.swift in Sources */,
				4F541AEE2A6863B4007F5CCF /* Question1view.swift in Sources */,
				4F016A092A6999DC00540AC7 /* Question3view.swift in Sources */,
				7FE4E1242A6195C60091BCAC /* ContentView.swift in Sources */,
				4F016A072A698A8F00540AC7 /* Question2view.swift in Sources */,
				7F4B38F32A68EACA009D4751 /* Final Project.xcdatamodeld in Sources */,
				7F703D4C2A6A06F000AFD3A0 /* ContentView-Model.swift in Sources */,
				7F703D472A6A069600AFD3A0 /* TimerContentView.swift in Sources */,
				7F4B38EE2A68EA33009D4751 /* Persistence.swift in Sources */,
				7F1EB5A52A68F99A00546A38 /* QuizResults.swift in Sources */,
				7F4B38EA2A68E9EF009D4751 /* ToDoItem.swift in Sources */,
				4F016A0B2A699BE100540AC7 /* Question4view.swift in Sources */,
				4F016A0D2A699BF300540AC7 /* Question5view.swift in Sources */,
				7F4B38F02A68EA59009D4751 /* ToDoContentView.swift in Sources */,
				7F1B04092A69C7300011A92A /* Dashboard.swift in Sources */,
				7FE4E1222A6195C60091BCAC /* Final_ProjectApp.swift in Sources */,
			);
			runOnlyForDeploymentPostprocessing = 0;
		};
		7FE4E12A2A6195C70091BCAC /* Sources */ = {
			isa = PBXSourcesBuildPhase;
			buildActionMask = 2147483647;
			files = (
				7FE4E1332A6195C70091BCAC /* Final_ProjectTests.swift in Sources */,
			);
			runOnlyForDeploymentPostprocessing = 0;
		};
		7FE4E1342A6195C70091BCAC /* Sources */ = {
			isa = PBXSourcesBuildPhase;
			buildActionMask = 2147483647;
			files = (
				7FE4E13D2A6195C70091BCAC /* Final_ProjectUITests.swift in Sources */,
				7FE4E13F2A6195C70091BCAC /* Final_ProjectUITestsLaunchTests.swift in Sources */,
			);
			runOnlyForDeploymentPostprocessing = 0;
		};
/* End PBXSourcesBuildPhase section */

/* Begin PBXTargetDependency section */
		7FE4E1302A6195C70091BCAC /* PBXTargetDependency */ = {
			isa = PBXTargetDependency;
			target = 7FE4E11D2A6195C60091BCAC /* Final Project */;
			targetProxy = 7FE4E12F2A6195C70091BCAC /* PBXContainerItemProxy */;
		};
		7FE4E13A2A6195C70091BCAC /* PBXTargetDependency */ = {
			isa = PBXTargetDependency;
			target = 7FE4E11D2A6195C60091BCAC /* Final Project */;
			targetProxy = 7FE4E1392A6195C70091BCAC /* PBXContainerItemProxy */;
		};
/* End PBXTargetDependency section */

/* Begin XCBuildConfiguration section */
		7FE4E1402A6195C70091BCAC /* Debug */ = {
			isa = XCBuildConfiguration;
			buildSettings = {
				ALWAYS_SEARCH_USER_PATHS = NO;
				CLANG_ANALYZER_NONNULL = YES;
				CLANG_ANALYZER_NUMBER_OBJECT_CONVERSION = YES_AGGRESSIVE;
				CLANG_CXX_LANGUAGE_STANDARD = "gnu++20";
				CLANG_ENABLE_MODULES = YES;
				CLANG_ENABLE_OBJC_ARC = YES;
				CLANG_ENABLE_OBJC_WEAK = YES;
				CLANG_WARN_BLOCK_CAPTURE_AUTORELEASING = YES;
				CLANG_WARN_BOOL_CONVERSION = YES;
				CLANG_WARN_COMMA = YES;
				CLANG_WARN_CONSTANT_CONVERSION = YES;
				CLANG_WARN_DEPRECATED_OBJC_IMPLEMENTATIONS = YES;
				CLANG_WARN_DIRECT_OBJC_ISA_USAGE = YES_ERROR;
				CLANG_WARN_DOCUMENTATION_COMMENTS = YES;
				CLANG_WARN_EMPTY_BODY = YES;
				CLANG_WARN_ENUM_CONVERSION = YES;
				CLANG_WARN_INFINITE_RECURSION = YES;
				CLANG_WARN_INT_CONVERSION = YES;
				CLANG_WARN_NON_LITERAL_NULL_CONVERSION = YES;
				CLANG_WARN_OBJC_IMPLICIT_RETAIN_SELF = YES;
				CLANG_WARN_OBJC_LITERAL_CONVERSION = YES;
				CLANG_WARN_OBJC_ROOT_CLASS = YES_ERROR;
				CLANG_WARN_QUOTED_INCLUDE_IN_FRAMEWORK_HEADER = YES;
				CLANG_WARN_RANGE_LOOP_ANALYSIS = YES;
				CLANG_WARN_STRICT_PROTOTYPES = YES;
				CLANG_WARN_SUSPICIOUS_MOVE = YES;
				CLANG_WARN_UNGUARDED_AVAILABILITY = YES_AGGRESSIVE;
				CLANG_WARN_UNREACHABLE_CODE = YES;
				CLANG_WARN__DUPLICATE_METHOD_MATCH = YES;
				COPY_PHASE_STRIP = NO;
				DEBUG_INFORMATION_FORMAT = dwarf;
				ENABLE_STRICT_OBJC_MSGSEND = YES;
				ENABLE_TESTABILITY = YES;
				GCC_C_LANGUAGE_STANDARD = gnu11;
				GCC_DYNAMIC_NO_PIC = NO;
				GCC_NO_COMMON_BLOCKS = YES;
				GCC_OPTIMIZATION_LEVEL = 0;
				GCC_PREPROCESSOR_DEFINITIONS = (
					"DEBUG=1",
					"$(inherited)",
				);
				GCC_WARN_64_TO_32_BIT_CONVERSION = YES;
				GCC_WARN_ABOUT_RETURN_TYPE = YES_ERROR;
				GCC_WARN_UNDECLARED_SELECTOR = YES;
				GCC_WARN_UNINITIALIZED_AUTOS = YES_AGGRESSIVE;
				GCC_WARN_UNUSED_FUNCTION = YES;
				GCC_WARN_UNUSED_VARIABLE = YES;
				IPHONEOS_DEPLOYMENT_TARGET = 16.4;
				MTL_ENABLE_DEBUG_INFO = INCLUDE_SOURCE;
				MTL_FAST_MATH = YES;
				ONLY_ACTIVE_ARCH = YES;
				SDKROOT = iphoneos;
				SWIFT_ACTIVE_COMPILATION_CONDITIONS = DEBUG;
				SWIFT_OPTIMIZATION_LEVEL = "-Onone";
			};
			name = Debug;
		};
		7FE4E1412A6195C70091BCAC /* Release */ = {
			isa = XCBuildConfiguration;
			buildSettings = {
				ALWAYS_SEARCH_USER_PATHS = NO;
				CLANG_ANALYZER_NONNULL = YES;
				CLANG_ANALYZER_NUMBER_OBJECT_CONVERSION = YES_AGGRESSIVE;
				CLANG_CXX_LANGUAGE_STANDARD = "gnu++20";
				CLANG_ENABLE_MODULES = YES;
				CLANG_ENABLE_OBJC_ARC = YES;
				CLANG_ENABLE_OBJC_WEAK = YES;
				CLANG_WARN_BLOCK_CAPTURE_AUTORELEASING = YES;
				CLANG_WARN_BOOL_CONVERSION = YES;
				CLANG_WARN_COMMA = YES;
				CLANG_WARN_CONSTANT_CONVERSION = YES;
				CLANG_WARN_DEPRECATED_OBJC_IMPLEMENTATIONS = YES;
				CLANG_WARN_DIRECT_OBJC_ISA_USAGE = YES_ERROR;
				CLANG_WARN_DOCUMENTATION_COMMENTS = YES;
				CLANG_WARN_EMPTY_BODY = YES;
				CLANG_WARN_ENUM_CONVERSION = YES;
				CLANG_WARN_INFINITE_RECURSION = YES;
				CLANG_WARN_INT_CONVERSION = YES;
				CLANG_WARN_NON_LITERAL_NULL_CONVERSION = YES;
				CLANG_WARN_OBJC_IMPLICIT_RETAIN_SELF = YES;
				CLANG_WARN_OBJC_LITERAL_CONVERSION = YES;
				CLANG_WARN_OBJC_ROOT_CLASS = YES_ERROR;
				CLANG_WARN_QUOTED_INCLUDE_IN_FRAMEWORK_HEADER = YES;
				CLANG_WARN_RANGE_LOOP_ANALYSIS = YES;
				CLANG_WARN_STRICT_PROTOTYPES = YES;
				CLANG_WARN_SUSPICIOUS_MOVE = YES;
				CLANG_WARN_UNGUARDED_AVAILABILITY = YES_AGGRESSIVE;
				CLANG_WARN_UNREACHABLE_CODE = YES;
				CLANG_WARN__DUPLICATE_METHOD_MATCH = YES;
				COPY_PHASE_STRIP = NO;
				DEBUG_INFORMATION_FORMAT = "dwarf-with-dsym";
				ENABLE_NS_ASSERTIONS = NO;
				ENABLE_STRICT_OBJC_MSGSEND = YES;
				GCC_C_LANGUAGE_STANDARD = gnu11;
				GCC_NO_COMMON_BLOCKS = YES;
				GCC_WARN_64_TO_32_BIT_CONVERSION = YES;
				GCC_WARN_ABOUT_RETURN_TYPE = YES_ERROR;
				GCC_WARN_UNDECLARED_SELECTOR = YES;
				GCC_WARN_UNINITIALIZED_AUTOS = YES_AGGRESSIVE;
				GCC_WARN_UNUSED_FUNCTION = YES;
				GCC_WARN_UNUSED_VARIABLE = YES;
				IPHONEOS_DEPLOYMENT_TARGET = 16.4;
				MTL_ENABLE_DEBUG_INFO = NO;
				MTL_FAST_MATH = YES;
				SDKROOT = iphoneos;
				SWIFT_COMPILATION_MODE = wholemodule;
				SWIFT_OPTIMIZATION_LEVEL = "-O";
				VALIDATE_PRODUCT = YES;
			};
			name = Release;
		};
		7FE4E1432A6195C70091BCAC /* Debug */ = {
			isa = XCBuildConfiguration;
			buildSettings = {
				ASSETCATALOG_COMPILER_APPICON_NAME = AppIcon;
				ASSETCATALOG_COMPILER_GLOBAL_ACCENT_COLOR_NAME = AccentColor;
				CODE_SIGN_STYLE = Automatic;
				CURRENT_PROJECT_VERSION = 1;
				DEVELOPMENT_ASSET_PATHS = "\"Final Project/Preview Content\"";
				ENABLE_PREVIEWS = YES;
				GENERATE_INFOPLIST_FILE = YES;
				INFOPLIST_FILE = "Final-Project-Info.plist";
				INFOPLIST_KEY_UIApplicationSceneManifest_Generation = YES;
				INFOPLIST_KEY_UIApplicationSupportsIndirectInputEvents = YES;
				INFOPLIST_KEY_UILaunchScreen_Generation = YES;
				INFOPLIST_KEY_UISupportedInterfaceOrientations_iPad = "UIInterfaceOrientationPortrait UIInterfaceOrientationPortraitUpsideDown UIInterfaceOrientationLandscapeLeft UIInterfaceOrientationLandscapeRight";
				INFOPLIST_KEY_UISupportedInterfaceOrientations_iPhone = "UIInterfaceOrientationPortrait UIInterfaceOrientationLandscapeLeft UIInterfaceOrientationLandscapeRight";
				LD_RUNPATH_SEARCH_PATHS = (
					"$(inherited)",
					"@executable_path/Frameworks",
				);
				MARKETING_VERSION = 1.0;
				PRODUCT_BUNDLE_IDENTIFIER = "KWK.Final-Project";
				PRODUCT_NAME = "$(TARGET_NAME)";
				SWIFT_EMIT_LOC_STRINGS = YES;
				SWIFT_VERSION = 5.0;
				TARGETED_DEVICE_FAMILY = "1,2";
			};
			name = Debug;
		};
		7FE4E1442A6195C70091BCAC /* Release */ = {
			isa = XCBuildConfiguration;
			buildSettings = {
				ASSETCATALOG_COMPILER_APPICON_NAME = AppIcon;
				ASSETCATALOG_COMPILER_GLOBAL_ACCENT_COLOR_NAME = AccentColor;
				CODE_SIGN_STYLE = Automatic;
				CURRENT_PROJECT_VERSION = 1;
				DEVELOPMENT_ASSET_PATHS = "\"Final Project/Preview Content\"";
				ENABLE_PREVIEWS = YES;
				GENERATE_INFOPLIST_FILE = YES;
				INFOPLIST_FILE = "Final-Project-Info.plist";
				INFOPLIST_KEY_UIApplicationSceneManifest_Generation = YES;
				INFOPLIST_KEY_UIApplicationSupportsIndirectInputEvents = YES;
				INFOPLIST_KEY_UILaunchScreen_Generation = YES;
				INFOPLIST_KEY_UISupportedInterfaceOrientations_iPad = "UIInterfaceOrientationPortrait UIInterfaceOrientationPortraitUpsideDown UIInterfaceOrientationLandscapeLeft UIInterfaceOrientationLandscapeRight";
				INFOPLIST_KEY_UISupportedInterfaceOrientations_iPhone = "UIInterfaceOrientationPortrait UIInterfaceOrientationLandscapeLeft UIInterfaceOrientationLandscapeRight";
				LD_RUNPATH_SEARCH_PATHS = (
					"$(inherited)",
					"@executable_path/Frameworks",
				);
				MARKETING_VERSION = 1.0;
				PRODUCT_BUNDLE_IDENTIFIER = "KWK.Final-Project";
				PRODUCT_NAME = "$(TARGET_NAME)";
				SWIFT_EMIT_LOC_STRINGS = YES;
				SWIFT_VERSION = 5.0;
				TARGETED_DEVICE_FAMILY = "1,2";
			};
			name = Release;
		};
		7FE4E1462A6195C70091BCAC /* Debug */ = {
			isa = XCBuildConfiguration;
			buildSettings = {
				ALWAYS_EMBED_SWIFT_STANDARD_LIBRARIES = YES;
				BUNDLE_LOADER = "$(TEST_HOST)";
				CODE_SIGN_STYLE = Automatic;
				CURRENT_PROJECT_VERSION = 1;
				GENERATE_INFOPLIST_FILE = YES;
				IPHONEOS_DEPLOYMENT_TARGET = 16.4;
				MARKETING_VERSION = 1.0;
				PRODUCT_BUNDLE_IDENTIFIER = "KWK.Final-ProjectTests";
				PRODUCT_NAME = "$(TARGET_NAME)";
				SWIFT_EMIT_LOC_STRINGS = NO;
				SWIFT_VERSION = 5.0;
				TARGETED_DEVICE_FAMILY = "1,2";
				TEST_HOST = "$(BUILT_PRODUCTS_DIR)/Final Project.app/$(BUNDLE_EXECUTABLE_FOLDER_PATH)/Final Project";
			};
			name = Debug;
		};
		7FE4E1472A6195C70091BCAC /* Release */ = {
			isa = XCBuildConfiguration;
			buildSettings = {
				ALWAYS_EMBED_SWIFT_STANDARD_LIBRARIES = YES;
				BUNDLE_LOADER = "$(TEST_HOST)";
				CODE_SIGN_STYLE = Automatic;
				CURRENT_PROJECT_VERSION = 1;
				GENERATE_INFOPLIST_FILE = YES;
				IPHONEOS_DEPLOYMENT_TARGET = 16.4;
				MARKETING_VERSION = 1.0;
				PRODUCT_BUNDLE_IDENTIFIER = "KWK.Final-ProjectTests";
				PRODUCT_NAME = "$(TARGET_NAME)";
				SWIFT_EMIT_LOC_STRINGS = NO;
				SWIFT_VERSION = 5.0;
				TARGETED_DEVICE_FAMILY = "1,2";
				TEST_HOST = "$(BUILT_PRODUCTS_DIR)/Final Project.app/$(BUNDLE_EXECUTABLE_FOLDER_PATH)/Final Project";
			};
			name = Release;
		};
		7FE4E1492A6195C70091BCAC /* Debug */ = {
			isa = XCBuildConfiguration;
			buildSettings = {
				ALWAYS_EMBED_SWIFT_STANDARD_LIBRARIES = YES;
				CODE_SIGN_STYLE = Automatic;
				CURRENT_PROJECT_VERSION = 1;
				GENERATE_INFOPLIST_FILE = YES;
				MARKETING_VERSION = 1.0;
				PRODUCT_BUNDLE_IDENTIFIER = "KWK.Final-ProjectUITests";
				PRODUCT_NAME = "$(TARGET_NAME)";
				SWIFT_EMIT_LOC_STRINGS = NO;
				SWIFT_VERSION = 5.0;
				TARGETED_DEVICE_FAMILY = "1,2";
				TEST_TARGET_NAME = "Final Project";
			};
			name = Debug;
		};
		7FE4E14A2A6195C70091BCAC /* Release */ = {
			isa = XCBuildConfiguration;
			buildSettings = {
				ALWAYS_EMBED_SWIFT_STANDARD_LIBRARIES = YES;
				CODE_SIGN_STYLE = Automatic;
				CURRENT_PROJECT_VERSION = 1;
				GENERATE_INFOPLIST_FILE = YES;
				MARKETING_VERSION = 1.0;
				PRODUCT_BUNDLE_IDENTIFIER = "KWK.Final-ProjectUITests";
				PRODUCT_NAME = "$(TARGET_NAME)";
				SWIFT_EMIT_LOC_STRINGS = NO;
				SWIFT_VERSION = 5.0;
				TARGETED_DEVICE_FAMILY = "1,2";
				TEST_TARGET_NAME = "Final Project";
			};
			name = Release;
		};
/* End XCBuildConfiguration section */

/* Begin XCConfigurationList section */
		7FE4E1192A6195C60091BCAC /* Build configuration list for PBXProject "Final Project" */ = {
			isa = XCConfigurationList;
			buildConfigurations = (
				7FE4E1402A6195C70091BCAC /* Debug */,
				7FE4E1412A6195C70091BCAC /* Release */,
			);
			defaultConfigurationIsVisible = 0;
			defaultConfigurationName = Release;
		};
		7FE4E1422A6195C70091BCAC /* Build configuration list for PBXNativeTarget "Final Project" */ = {
			isa = XCConfigurationList;
			buildConfigurations = (
				7FE4E1432A6195C70091BCAC /* Debug */,
				7FE4E1442A6195C70091BCAC /* Release */,
			);
			defaultConfigurationIsVisible = 0;
			defaultConfigurationName = Release;
		};
		7FE4E1452A6195C70091BCAC /* Build configuration list for PBXNativeTarget "Final ProjectTests" */ = {
			isa = XCConfigurationList;
			buildConfigurations = (
				7FE4E1462A6195C70091BCAC /* Debug */,
				7FE4E1472A6195C70091BCAC /* Release */,
			);
			defaultConfigurationIsVisible = 0;
			defaultConfigurationName = Release;
		};
		7FE4E1482A6195C70091BCAC /* Build configuration list for PBXNativeTarget "Final ProjectUITests" */ = {
			isa = XCConfigurationList;
			buildConfigurations = (
				7FE4E1492A6195C70091BCAC /* Debug */,
				7FE4E14A2A6195C70091BCAC /* Release */,
			);
			defaultConfigurationIsVisible = 0;
			defaultConfigurationName = Release;
		};
/* End XCConfigurationList section */

/* Begin XCVersionGroup section */
		7F4B38F12A68EACA009D4751 /* Final Project.xcdatamodeld */ = {
			isa = XCVersionGroup;
			children = (
				7F4B38F22A68EACA009D4751 /* Final Project.xcdatamodel */,
			);
			currentVersion = 7F4B38F22A68EACA009D4751 /* Final Project.xcdatamodel */;
			path = "Final Project.xcdatamodeld";
			sourceTree = "<group>";
			versionGroupType = wrapper.xcdatamodel;
		};
/* End XCVersionGroup section */
	};
	rootObject = 7FE4E1162A6195C60091BCAC /* Project object */;
}
